{
  "requires": true,
  "lockfileVersion": 1,
  "dependencies": {
    "decouple": {
      "version": "0.0.2",
      "resolved": "https://registry.npmjs.org/decouple/-/decouple-0.0.2.tgz",
      "integrity": "sha1-yzc2QMN/mHpfaGZyTM1CSoD52aI="
    },
    "emitter": {
      "version": "git+https://github.com/Mango/emitter.git#41ab8a3956269c7ed468bde50203e15b3274152f",
      "from": "git+https://github.com/Mango/emitter.git#0.0.7"
    },
    "slideout": {
      "version": "1.0.1",
      "resolved": "https://registry.npmjs.org/slideout/-/slideout-1.0.1.tgz",
      "integrity": "sha1-SfL71+QVX+Db5tlZOPASJDVl9iU=",
      "requires": {
        "decouple": "0.0.2",
        "emitter": "git+https://github.com/Mango/emitter.git#41ab8a3956269c7ed468bde50203e15b3274152f"
      }
    }
  }
}
